
Microsoft Visual Studio Solution File, Format Version 12.00
# Visual Studio Version 16
VisualStudioVersion = 16.0.31702.278
MinimumVisualStudioVersion = 10.0.40219.1
Project("{FAE04EC0-301F-11D3-BF4B-00C04F79EFBC}") = "GreenDemic", "GreenDemic\GreenDemic.csproj", "{98E99CA8-74F0-426D-9509-926D3FA9869D}"
EndProject
Global
	GlobalSection(SolutionConfigurationPlatforms) = preSolution
		Debug|Any CPU = Debug|Any CPU
		Release|Any CPU = Release|Any CPU
	EndGlobalSection
	GlobalSection(ProjectConfigurationPlatforms) = postSolution
		{98E99CA8-74F0-426D-9509-926D3FA9869D}.Debug|Any CPU.ActiveCfg = Debug|Any CPU
		{98E99CA8-74F0-426D-9509-926D3FA9869D}.Debug|Any CPU.Build.0 = Debug|Any CPU
		{98E99CA8-74F0-426D-9509-926D3FA9869D}.Release|Any CPU.ActiveCfg = Release|Any CPU
		{98E99CA8-74F0-426D-9509-926D3FA9869D}.Release|Any CPU.Build.0 = Release|Any CPU
	EndGlobalSection
	GlobalSection(SolutionProperties) = preSolution
		HideSolutionNode = FALSE
	EndGlobalSection
	GlobalSection(ExtensibilityGlobals) = postSolution
		SolutionGuid = {F821E0F9-056D-45AD-848B-EC639A57129F}
	EndGlobalSection
EndGlobal
